
Microsoft Visual Studio Solution File, Format Version 12.00
# Visual Studio Version 17
VisualStudioVersion = 17.8.34316.72
MinimumVisualStudioVersion = 10.0.40219.1
Project("{FAE04EC0-301F-11D3-BF4B-00C04F79EFBC}") = "LibraryManager.Api", "LibraryManager.Api\LibraryManager.Api.csproj", "{2D92401F-BD68-464A-AA53-89FE339821EF}"
EndProject
Project("{FAE04EC0-301F-11D3-BF4B-00C04F79EFBC}") = "LibraryManager.Application", "LibraryManager.Application\LibraryManager.Application.csproj", "{17236659-1ACB-444C-994E-7A54DB04862C}"
EndProject
Project("{FAE04EC0-301F-11D3-BF4B-00C04F79EFBC}") = "LibraryManager.Infrastructure", "LibraryManager.Infrastructure\LibraryManager.Infrastructure.csproj", "{17572CCA-412C-4D80-BFA3-770DB71BFE45}"
EndProject
Project("{FAE04EC0-301F-11D3-BF4B-00C04F79EFBC}") = "LibraryManager.Domain", "LibraryManager.Domain\LibraryManager.Domain.csproj", "{CA5EAAAC-0F2B-46C4-8880-D5CC67936ADA}"
EndProject
Project("{2150E333-8FDC-42A3-9474-1A3956D46DE8}") = "Requests", "Requests", "{36B4A825-4F9F-4B94-B758-917C0294E9A5}"
	ProjectSection(SolutionItems) = preProject
		AddBook.http = AddBook.http
	EndProjectSection
EndProject
Project("{2150E333-8FDC-42A3-9474-1A3956D46DE8}") = "Docs", "Docs", "{E292915A-5EE1-4DD2-BFAB-BC68C4020C5E}"
EndProject
Project("{FAE04EC0-301F-11D3-BF4B-00C04F79EFBC}") = "LibraryManager.Contracts", "LibraryManager.Contracts\LibraryManager.Contracts.csproj", "{F9515441-26FA-4250-BC4C-654738AA01DB}"
EndProject
Global
	GlobalSection(SolutionConfigurationPlatforms) = preSolution
		Debug|Any CPU = Debug|Any CPU
		Release|Any CPU = Release|Any CPU
	EndGlobalSection
	GlobalSection(ProjectConfigurationPlatforms) = postSolution
		{2D92401F-BD68-464A-AA53-89FE339821EF}.Debug|Any CPU.ActiveCfg = Debug|Any CPU
		{2D92401F-BD68-464A-AA53-89FE339821EF}.Debug|Any CPU.Build.0 = Debug|Any CPU
		{2D92401F-BD68-464A-AA53-89FE339821EF}.Release|Any CPU.ActiveCfg = Release|Any CPU
		{2D92401F-BD68-464A-AA53-89FE339821EF}.Release|Any CPU.Build.0 = Release|Any CPU
		{17236659-1ACB-444C-994E-7A54DB04862C}.Debug|Any CPU.ActiveCfg = Debug|Any CPU
		{17236659-1ACB-444C-994E-7A54DB04862C}.Debug|Any CPU.Build.0 = Debug|Any CPU
		{17236659-1ACB-444C-994E-7A54DB04862C}.Release|Any CPU.ActiveCfg = Release|Any CPU
		{17236659-1ACB-444C-994E-7A54DB04862C}.Release|Any CPU.Build.0 = Release|Any CPU
		{17572CCA-412C-4D80-BFA3-770DB71BFE45}.Debug|Any CPU.ActiveCfg = Debug|Any CPU
		{17572CCA-412C-4D80-BFA3-770DB71BFE45}.Debug|Any CPU.Build.0 = Debug|Any CPU
		{17572CCA-412C-4D80-BFA3-770DB71BFE45}.Release|Any CPU.ActiveCfg = Release|Any CPU
		{17572CCA-412C-4D80-BFA3-770DB71BFE45}.Release|Any CPU.Build.0 = Release|Any CPU
		{CA5EAAAC-0F2B-46C4-8880-D5CC67936ADA}.Debug|Any CPU.ActiveCfg = Debug|Any CPU
		{CA5EAAAC-0F2B-46C4-8880-D5CC67936ADA}.Debug|Any CPU.Build.0 = Debug|Any CPU
		{CA5EAAAC-0F2B-46C4-8880-D5CC67936ADA}.Release|Any CPU.ActiveCfg = Release|Any CPU
		{CA5EAAAC-0F2B-46C4-8880-D5CC67936ADA}.Release|Any CPU.Build.0 = Release|Any CPU
		{F9515441-26FA-4250-BC4C-654738AA01DB}.Debug|Any CPU.ActiveCfg = Debug|Any CPU
		{F9515441-26FA-4250-BC4C-654738AA01DB}.Debug|Any CPU.Build.0 = Debug|Any CPU
		{F9515441-26FA-4250-BC4C-654738AA01DB}.Release|Any CPU.ActiveCfg = Release|Any CPU
		{F9515441-26FA-4250-BC4C-654738AA01DB}.Release|Any CPU.Build.0 = Release|Any CPU
	EndGlobalSection
	GlobalSection(SolutionProperties) = preSolution
		HideSolutionNode = FALSE
	EndGlobalSection
	GlobalSection(ExtensibilityGlobals) = postSolution
		SolutionGuid = {6AF88F65-9A88-42AC-B050-FB720194D438}
	EndGlobalSection
EndGlobal
