
Microsoft Visual Studio Solution File, Format Version 12.00
# Visual Studio Version 17
VisualStudioVersion = 17.0.31903.59
MinimumVisualStudioVersion = 10.0.40219.1
Project("{2150E333-8FDC-42A3-9474-1A3956D46DE8}") = "src", "src", "{56AA057D-B484-4136-BF6F-EF968FCDB6E5}"
EndProject
Project("{9A19103F-16F7-4668-BE54-9A1E7A4F7556}") = "LibraryManager.Api", "src\LibraryManager.Api\LibraryManager.Api.csproj", "{3AB30723-25DD-41D2-A439-8A39C8588C5F}"
EndProject
Project("{9A19103F-16F7-4668-BE54-9A1E7A4F7556}") = "LibraryManager.Application", "src\LibraryManager.Application\LibraryManager.Application.csproj", "{50184730-7407-48F2-83C5-BAF76C47D05C}"
EndProject
Project("{9A19103F-16F7-4668-BE54-9A1E7A4F7556}") = "LibraryManager.Contracts", "src\LibraryManager.Contracts\LibraryManager.Contracts.csproj", "{04CCD183-F361-4165-9AED-28DD1DA80228}"
EndProject
Project("{9A19103F-16F7-4668-BE54-9A1E7A4F7556}") = "LibraryManager.Domain", "src\LibraryManager.Domain\LibraryManager.Domain.csproj", "{C6923E0B-C911-4C33-AEA1-C14836339EBB}"
EndProject
Project("{9A19103F-16F7-4668-BE54-9A1E7A4F7556}") = "LibraryManager.Infrastructure", "src\LibraryManager.Infrastructure\LibraryManager.Infrastructure.csproj", "{B4744069-6C22-4A7F-91E4-308F592855EA}"
EndProject
Project("{2150E333-8FDC-42A3-9474-1A3956D46DE8}") = "tests", "tests", "{D8937BAA-0778-4493-A742-6E5B1880EF0C}"
EndProject
Project("{2150E333-8FDC-42A3-9474-1A3956D46DE8}") = "UnitTests", "UnitTests", "{2056B0B1-8ECD-4EA3-AD2E-BBEFD05BA7EB}"
EndProject
Project("{9A19103F-16F7-4668-BE54-9A1E7A4F7556}") = "LibraryManager.Api.UnitTests", "tests\UnitTests\LibraryManager.Api.UnitTests\LibraryManager.Api.UnitTests.csproj", "{EDF16E4C-F210-44C2-B266-08CE591B589A}"
EndProject
Project("{9A19103F-16F7-4668-BE54-9A1E7A4F7556}") = "LibraryManager.Application.UnitTests", "tests\UnitTests\LibraryManager.Application.UnitTests\LibraryManager.Application.UnitTests.csproj", "{CB20D5CE-0E51-4894-876D-A9C59FA9C6C9}"
EndProject
Project("{9A19103F-16F7-4668-BE54-9A1E7A4F7556}") = "LibraryManager.Infrastructure.UnitTests", "tests\UnitTests\LibraryManager.Infrastructure.UnitTests\LibraryManager.Infrastructure.UnitTests.csproj", "{F587B05E-FA87-43A1-9EFB-C70A75ADB351}"
EndProject
Project("{2150E333-8FDC-42A3-9474-1A3956D46DE8}") = "IntegrationTests", "IntegrationTests", "{94F7BC54-F20A-410F-B6DB-2C4F67354C0F}"
EndProject
Project("{FAE04EC0-301F-11D3-BF4B-00C04F79EFBC}") = "LibraryManager.IntegrationTests", "tests\IntegrationTests\LibraryManager.IntegrationTests\LibraryManager.IntegrationTests.csproj", "{A9CEBC3A-6B9C-4A18-A7B2-5CE0FB92E389}"
EndProject
Global
	GlobalSection(SolutionConfigurationPlatforms) = preSolution
		Debug|Any CPU = Debug|Any CPU
		Release|Any CPU = Release|Any CPU
	EndGlobalSection
	GlobalSection(ProjectConfigurationPlatforms) = postSolution
		{3AB30723-25DD-41D2-A439-8A39C8588C5F}.Debug|Any CPU.ActiveCfg = Debug|Any CPU
		{3AB30723-25DD-41D2-A439-8A39C8588C5F}.Debug|Any CPU.Build.0 = Debug|Any CPU
		{3AB30723-25DD-41D2-A439-8A39C8588C5F}.Release|Any CPU.ActiveCfg = Release|Any CPU
		{3AB30723-25DD-41D2-A439-8A39C8588C5F}.Release|Any CPU.Build.0 = Release|Any CPU
		{50184730-7407-48F2-83C5-BAF76C47D05C}.Debug|Any CPU.ActiveCfg = Debug|Any CPU
		{50184730-7407-48F2-83C5-BAF76C47D05C}.Debug|Any CPU.Build.0 = Debug|Any CPU
		{50184730-7407-48F2-83C5-BAF76C47D05C}.Release|Any CPU.ActiveCfg = Release|Any CPU
		{50184730-7407-48F2-83C5-BAF76C47D05C}.Release|Any CPU.Build.0 = Release|Any CPU
		{04CCD183-F361-4165-9AED-28DD1DA80228}.Debug|Any CPU.ActiveCfg = Debug|Any CPU
		{04CCD183-F361-4165-9AED-28DD1DA80228}.Debug|Any CPU.Build.0 = Debug|Any CPU
		{04CCD183-F361-4165-9AED-28DD1DA80228}.Release|Any CPU.ActiveCfg = Release|Any CPU
		{04CCD183-F361-4165-9AED-28DD1DA80228}.Release|Any CPU.Build.0 = Release|Any CPU
		{C6923E0B-C911-4C33-AEA1-C14836339EBB}.Debug|Any CPU.ActiveCfg = Debug|Any CPU
		{C6923E0B-C911-4C33-AEA1-C14836339EBB}.Debug|Any CPU.Build.0 = Debug|Any CPU
		{C6923E0B-C911-4C33-AEA1-C14836339EBB}.Release|Any CPU.ActiveCfg = Release|Any CPU
		{C6923E0B-C911-4C33-AEA1-C14836339EBB}.Release|Any CPU.Build.0 = Release|Any CPU
		{B4744069-6C22-4A7F-91E4-308F592855EA}.Debug|Any CPU.ActiveCfg = Debug|Any CPU
		{B4744069-6C22-4A7F-91E4-308F592855EA}.Debug|Any CPU.Build.0 = Debug|Any CPU
		{B4744069-6C22-4A7F-91E4-308F592855EA}.Release|Any CPU.ActiveCfg = Release|Any CPU
		{B4744069-6C22-4A7F-91E4-308F592855EA}.Release|Any CPU.Build.0 = Release|Any CPU
		{EDF16E4C-F210-44C2-B266-08CE591B589A}.Debug|Any CPU.ActiveCfg = Debug|Any CPU
		{EDF16E4C-F210-44C2-B266-08CE591B589A}.Debug|Any CPU.Build.0 = Debug|Any CPU
		{EDF16E4C-F210-44C2-B266-08CE591B589A}.Release|Any CPU.ActiveCfg = Release|Any CPU
		{EDF16E4C-F210-44C2-B266-08CE591B589A}.Release|Any CPU.Build.0 = Release|Any CPU
		{CB20D5CE-0E51-4894-876D-A9C59FA9C6C9}.Debug|Any CPU.ActiveCfg = Debug|Any CPU
		{CB20D5CE-0E51-4894-876D-A9C59FA9C6C9}.Debug|Any CPU.Build.0 = Debug|Any CPU
		{CB20D5CE-0E51-4894-876D-A9C59FA9C6C9}.Release|Any CPU.ActiveCfg = Release|Any CPU
		{CB20D5CE-0E51-4894-876D-A9C59FA9C6C9}.Release|Any CPU.Build.0 = Release|Any CPU
		{F587B05E-FA87-43A1-9EFB-C70A75ADB351}.Debug|Any CPU.ActiveCfg = Debug|Any CPU
		{F587B05E-FA87-43A1-9EFB-C70A75ADB351}.Debug|Any CPU.Build.0 = Debug|Any CPU
		{F587B05E-FA87-43A1-9EFB-C70A75ADB351}.Release|Any CPU.ActiveCfg = Release|Any CPU
		{F587B05E-FA87-43A1-9EFB-C70A75ADB351}.Release|Any CPU.Build.0 = Release|Any CPU
		{A9CEBC3A-6B9C-4A18-A7B2-5CE0FB92E389}.Debug|Any CPU.ActiveCfg = Debug|Any CPU
		{A9CEBC3A-6B9C-4A18-A7B2-5CE0FB92E389}.Debug|Any CPU.Build.0 = Debug|Any CPU
		{A9CEBC3A-6B9C-4A18-A7B2-5CE0FB92E389}.Release|Any CPU.ActiveCfg = Release|Any CPU
		{A9CEBC3A-6B9C-4A18-A7B2-5CE0FB92E389}.Release|Any CPU.Build.0 = Release|Any CPU
	EndGlobalSection
	GlobalSection(SolutionProperties) = preSolution
		HideSolutionNode = FALSE
	EndGlobalSection
	GlobalSection(NestedProjects) = preSolution
		{3AB30723-25DD-41D2-A439-8A39C8588C5F} = {56AA057D-B484-4136-BF6F-EF968FCDB6E5}
		{50184730-7407-48F2-83C5-BAF76C47D05C} = {56AA057D-B484-4136-BF6F-EF968FCDB6E5}
		{04CCD183-F361-4165-9AED-28DD1DA80228} = {56AA057D-B484-4136-BF6F-EF968FCDB6E5}
		{C6923E0B-C911-4C33-AEA1-C14836339EBB} = {56AA057D-B484-4136-BF6F-EF968FCDB6E5}
		{B4744069-6C22-4A7F-91E4-308F592855EA} = {56AA057D-B484-4136-BF6F-EF968FCDB6E5}
		{2056B0B1-8ECD-4EA3-AD2E-BBEFD05BA7EB} = {D8937BAA-0778-4493-A742-6E5B1880EF0C}
		{EDF16E4C-F210-44C2-B266-08CE591B589A} = {2056B0B1-8ECD-4EA3-AD2E-BBEFD05BA7EB}
		{CB20D5CE-0E51-4894-876D-A9C59FA9C6C9} = {2056B0B1-8ECD-4EA3-AD2E-BBEFD05BA7EB}
		{F587B05E-FA87-43A1-9EFB-C70A75ADB351} = {2056B0B1-8ECD-4EA3-AD2E-BBEFD05BA7EB}
		{94F7BC54-F20A-410F-B6DB-2C4F67354C0F} = {D8937BAA-0778-4493-A742-6E5B1880EF0C}
		{A9CEBC3A-6B9C-4A18-A7B2-5CE0FB92E389} = {94F7BC54-F20A-410F-B6DB-2C4F67354C0F}
	EndGlobalSection
	GlobalSection(ExtensibilityGlobals) = postSolution
		SolutionGuid = {B26F77AA-7040-4ED0-8C8B-7B97F0F77A42}
	EndGlobalSection
EndGlobal
